
Microsoft Visual Studio Solution File, Format Version 12.00
# Visual Studio Version 17
Project("{8BC9CEB8-8B4A-11D0-8D11-00A0C91BC942}") = "ALL_BUILD", "ALL_BUILD.vcxproj", "{E88F66E9-D1B0-32BD-80FD-160D6D8ED3FF}"
	ProjectSection(ProjectDependencies) = postProject
		{F725F339-AFC0-3C8C-AA22-568C95E30B9D} = {F725F339-AFC0-3C8C-AA22-568C95E30B9D}
		{1E9FA2D5-D1ED-3C4A-B035-E78FAF9B098E} = {1E9FA2D5-D1ED-3C4A-B035-E78FAF9B098E}
		{DB35BB3E-BF8E-3810-8B5F-FFDD535F0BD2} = {DB35BB3E-BF8E-3810-8B5F-FFDD535F0BD2}
	EndProjectSection
EndProject
Project("{8BC9CEB8-8B4A-11D0-8D11-00A0C91BC942}") = "ZERO_CHECK", "ZERO_CHECK.vcxproj", "{F725F339-AFC0-3C8C-AA22-568C95E30B9D}"
	ProjectSection(ProjectDependencies) = postProject
	EndProjectSection
EndProject
Project("{8BC9CEB8-8B4A-11D0-8D11-00A0C91BC942}") = "p502", "src\p502.vcxproj", "{1E9FA2D5-D1ED-3C4A-B035-E78FAF9B098E}"
	ProjectSection(ProjectDependencies) = postProject
		{F725F339-AFC0-3C8C-AA22-568C95E30B9D} = {F725F339-AFC0-3C8C-AA22-568C95E30B9D}
	EndProjectSection
EndProject
Project("{8BC9CEB8-8B4A-11D0-8D11-00A0C91BC942}") = "some", "src\some.vcxproj", "{DB35BB3E-BF8E-3810-8B5F-FFDD535F0BD2}"
	ProjectSection(ProjectDependencies) = postProject
		{F725F339-AFC0-3C8C-AA22-568C95E30B9D} = {F725F339-AFC0-3C8C-AA22-568C95E30B9D}
	EndProjectSection
EndProject
Global
	GlobalSection(SolutionConfigurationPlatforms) = preSolution
		Debug|x64 = Debug|x64
		Release|x64 = Release|x64
		MinSizeRel|x64 = MinSizeRel|x64
		RelWithDebInfo|x64 = RelWithDebInfo|x64
	EndGlobalSection
	GlobalSection(ProjectConfigurationPlatforms) = postSolution
		{E88F66E9-D1B0-32BD-80FD-160D6D8ED3FF}.Debug|x64.ActiveCfg = Debug|x64
		{E88F66E9-D1B0-32BD-80FD-160D6D8ED3FF}.Release|x64.ActiveCfg = Release|x64
		{E88F66E9-D1B0-32BD-80FD-160D6D8ED3FF}.MinSizeRel|x64.ActiveCfg = MinSizeRel|x64
		{E88F66E9-D1B0-32BD-80FD-160D6D8ED3FF}.RelWithDebInfo|x64.ActiveCfg = RelWithDebInfo|x64
		{F725F339-AFC0-3C8C-AA22-568C95E30B9D}.Debug|x64.ActiveCfg = Debug|x64
		{F725F339-AFC0-3C8C-AA22-568C95E30B9D}.Debug|x64.Build.0 = Debug|x64
		{F725F339-AFC0-3C8C-AA22-568C95E30B9D}.Release|x64.ActiveCfg = Release|x64
		{F725F339-AFC0-3C8C-AA22-568C95E30B9D}.Release|x64.Build.0 = Release|x64
		{F725F339-AFC0-3C8C-AA22-568C95E30B9D}.MinSizeRel|x64.ActiveCfg = MinSizeRel|x64
		{F725F339-AFC0-3C8C-AA22-568C95E30B9D}.MinSizeRel|x64.Build.0 = MinSizeRel|x64
		{F725F339-AFC0-3C8C-AA22-568C95E30B9D}.RelWithDebInfo|x64.ActiveCfg = RelWithDebInfo|x64
		{F725F339-AFC0-3C8C-AA22-568C95E30B9D}.RelWithDebInfo|x64.Build.0 = RelWithDebInfo|x64
		{1E9FA2D5-D1ED-3C4A-B035-E78FAF9B098E}.Debug|x64.ActiveCfg = Debug|x64
		{1E9FA2D5-D1ED-3C4A-B035-E78FAF9B098E}.Debug|x64.Build.0 = Debug|x64
		{1E9FA2D5-D1ED-3C4A-B035-E78FAF9B098E}.Release|x64.ActiveCfg = Release|x64
		{1E9FA2D5-D1ED-3C4A-B035-E78FAF9B098E}.Release|x64.Build.0 = Release|x64
		{1E9FA2D5-D1ED-3C4A-B035-E78FAF9B098E}.MinSizeRel|x64.ActiveCfg = MinSizeRel|x64
		{1E9FA2D5-D1ED-3C4A-B035-E78FAF9B098E}.MinSizeRel|x64.Build.0 = MinSizeRel|x64
		{1E9FA2D5-D1ED-3C4A-B035-E78FAF9B098E}.RelWithDebInfo|x64.ActiveCfg = RelWithDebInfo|x64
		{1E9FA2D5-D1ED-3C4A-B035-E78FAF9B098E}.RelWithDebInfo|x64.Build.0 = RelWithDebInfo|x64
		{DB35BB3E-BF8E-3810-8B5F-FFDD535F0BD2}.Debug|x64.ActiveCfg = Debug|x64
		{DB35BB3E-BF8E-3810-8B5F-FFDD535F0BD2}.Debug|x64.Build.0 = Debug|x64
		{DB35BB3E-BF8E-3810-8B5F-FFDD535F0BD2}.Release|x64.ActiveCfg = Release|x64
		{DB35BB3E-BF8E-3810-8B5F-FFDD535F0BD2}.Release|x64.Build.0 = Release|x64
		{DB35BB3E-BF8E-3810-8B5F-FFDD535F0BD2}.MinSizeRel|x64.ActiveCfg = MinSizeRel|x64
		{DB35BB3E-BF8E-3810-8B5F-FFDD535F0BD2}.MinSizeRel|x64.Build.0 = MinSizeRel|x64
		{DB35BB3E-BF8E-3810-8B5F-FFDD535F0BD2}.RelWithDebInfo|x64.ActiveCfg = RelWithDebInfo|x64
		{DB35BB3E-BF8E-3810-8B5F-FFDD535F0BD2}.RelWithDebInfo|x64.Build.0 = RelWithDebInfo|x64
	EndGlobalSection
	GlobalSection(ExtensibilityGlobals) = postSolution
		SolutionGuid = {73A3502B-B544-3F24-87E3-B91E6FE4526F}
	EndGlobalSection
	GlobalSection(ExtensibilityAddIns) = postSolution
	EndGlobalSection
EndGlobal
